
Microsoft Visual Studio Solution File, Format Version 12.00
# Visual Studio 15
VisualStudioVersion = 15.0.27130.2026
MinimumVisualStudioVersion = 10.0.40219.1
Project("{FAE04EC0-301F-11D3-BF4B-00C04F79EFBC}") = "FizzBuzz", "FizzBuzz\FizzBuzz.csproj", "{9F2F3C72-B1F8-4E32-8701-785E18EE32D7}"
EndProject
Project("{FAE04EC0-301F-11D3-BF4B-00C04F79EFBC}") = "FizzBuzzTests", "FizzBuzzTests\FizzBuzzTests.csproj", "{33BC8A74-4714-4D51-9B89-2248BBA99578}"
EndProject
Project("{FAE04EC0-301F-11D3-BF4B-00C04F79EFBC}") = "FizzBuzz.Library", "FizzBuzz.Library\FizzBuzz.Library.csproj", "{356E025A-4274-4BB4-BBFC-6E706BD1DE78}"
EndProject
Global
	GlobalSection(SolutionConfigurationPlatforms) = preSolution
		Debug|Any CPU = Debug|Any CPU
		Release|Any CPU = Release|Any CPU
	EndGlobalSection
	GlobalSection(ProjectConfigurationPlatforms) = postSolution
		{9F2F3C72-B1F8-4E32-8701-785E18EE32D7}.Debug|Any CPU.ActiveCfg = Debug|Any CPU
		{9F2F3C72-B1F8-4E32-8701-785E18EE32D7}.Debug|Any CPU.Build.0 = Debug|Any CPU
		{9F2F3C72-B1F8-4E32-8701-785E18EE32D7}.Release|Any CPU.ActiveCfg = Release|Any CPU
		{9F2F3C72-B1F8-4E32-8701-785E18EE32D7}.Release|Any CPU.Build.0 = Release|Any CPU
		{33BC8A74-4714-4D51-9B89-2248BBA99578}.Debug|Any CPU.ActiveCfg = Debug|Any CPU
		{33BC8A74-4714-4D51-9B89-2248BBA99578}.Debug|Any CPU.Build.0 = Debug|Any CPU
		{33BC8A74-4714-4D51-9B89-2248BBA99578}.Release|Any CPU.ActiveCfg = Release|Any CPU
		{33BC8A74-4714-4D51-9B89-2248BBA99578}.Release|Any CPU.Build.0 = Release|Any CPU
		{356E025A-4274-4BB4-BBFC-6E706BD1DE78}.Debug|Any CPU.ActiveCfg = Debug|Any CPU
		{356E025A-4274-4BB4-BBFC-6E706BD1DE78}.Debug|Any CPU.Build.0 = Debug|Any CPU
		{356E025A-4274-4BB4-BBFC-6E706BD1DE78}.Release|Any CPU.ActiveCfg = Release|Any CPU
		{356E025A-4274-4BB4-BBFC-6E706BD1DE78}.Release|Any CPU.Build.0 = Release|Any CPU
	EndGlobalSection
	GlobalSection(SolutionProperties) = preSolution
		HideSolutionNode = FALSE
	EndGlobalSection
	GlobalSection(ExtensibilityGlobals) = postSolution
		SolutionGuid = {EDEEAE43-7610-4162-9844-4959E1068B28}
	EndGlobalSection
EndGlobal
